
Microsoft Visual Studio Solution File, Format Version 12.00
# Visual Studio Version 16
VisualStudioVersion = 16.0.31911.196
MinimumVisualStudioVersion = 10.0.40219.1
Project("{9A19103F-16F7-4668-BE54-9A1E7A4F7556}") = "Day01", "Day01\Day01.csproj", "{377CA23F-8F9E-43DE-8133-87AD2D05B011}"
EndProject
Project("{9A19103F-16F7-4668-BE54-9A1E7A4F7556}") = "Day02", "Day02\Day02.csproj", "{5A243432-6EDC-4437-B44B-CB0C5532E5AE}"
EndProject
Project("{2150E333-8FDC-42A3-9474-1A3956D46DE8}") = "Base", "Base", "{AE7BB3DB-D534-41DD-91DF-789C34B05145}"
	ProjectSection(SolutionItems) = preProject
		Template.cs = Template.cs
	EndProjectSection
EndProject
Project("{9A19103F-16F7-4668-BE54-9A1E7A4F7556}") = "Day03", "Day03\Day03.csproj", "{9D39D071-FBF4-4FFB-A6FE-83ECCDFDC7B8}"
EndProject
Project("{9A19103F-16F7-4668-BE54-9A1E7A4F7556}") = "Day04", "Day04\Day04.csproj", "{54CD0552-DA99-40B5-881C-52561F0AC2F2}"
EndProject
Project("{9A19103F-16F7-4668-BE54-9A1E7A4F7556}") = "Day05", "Day05\Day05.csproj", "{67505EB6-C306-47B8-A5F9-5B3124FF51C5}"
EndProject
Project("{9A19103F-16F7-4668-BE54-9A1E7A4F7556}") = "Day06", "Day06\Day06.csproj", "{13D442F8-845D-46EF-8A8A-55F4FF5EC999}"
EndProject
Project("{9A19103F-16F7-4668-BE54-9A1E7A4F7556}") = "Day07", "Day07\Day07.csproj", "{EAC0CA34-CA5D-4CF0-9030-6D4453D2F424}"
EndProject
Project("{9A19103F-16F7-4668-BE54-9A1E7A4F7556}") = "Day08", "Day08\Day08.csproj", "{07182FA2-10B7-4288-93E6-B623B39019AD}"
EndProject
Project("{9A19103F-16F7-4668-BE54-9A1E7A4F7556}") = "Day09", "Day09\Day09.csproj", "{156AF66D-04A8-498E-986A-9A21BB3045A1}"
EndProject
Project("{9A19103F-16F7-4668-BE54-9A1E7A4F7556}") = "Day10", "Day10\Day10.csproj", "{7DDBFE13-5ACA-42ED-AE28-5EE26C624A09}"
EndProject
Project("{9A19103F-16F7-4668-BE54-9A1E7A4F7556}") = "Day11", "Day11\Day11.csproj", "{FE58F0E4-81CD-43FB-81E6-ADF6697E0948}"
EndProject
Project("{9A19103F-16F7-4668-BE54-9A1E7A4F7556}") = "Day12", "Day12\Day12.csproj", "{2AFF3B3E-8CCD-4D86-8F0C-AA63F3599B07}"
EndProject
Project("{FAE04EC0-301F-11D3-BF4B-00C04F79EFBC}") = "Day13", "Day13\Day13.csproj", "{21BB3A08-89AB-4D12-8B7D-1DB597B2CB89}"
EndProject
Global
	GlobalSection(SolutionConfigurationPlatforms) = preSolution
		Debug|Any CPU = Debug|Any CPU
		Release|Any CPU = Release|Any CPU
	EndGlobalSection
	GlobalSection(ProjectConfigurationPlatforms) = postSolution
		{377CA23F-8F9E-43DE-8133-87AD2D05B011}.Debug|Any CPU.ActiveCfg = Debug|Any CPU
		{377CA23F-8F9E-43DE-8133-87AD2D05B011}.Debug|Any CPU.Build.0 = Debug|Any CPU
		{377CA23F-8F9E-43DE-8133-87AD2D05B011}.Release|Any CPU.ActiveCfg = Release|Any CPU
		{377CA23F-8F9E-43DE-8133-87AD2D05B011}.Release|Any CPU.Build.0 = Release|Any CPU
		{5A243432-6EDC-4437-B44B-CB0C5532E5AE}.Debug|Any CPU.ActiveCfg = Debug|Any CPU
		{5A243432-6EDC-4437-B44B-CB0C5532E5AE}.Debug|Any CPU.Build.0 = Debug|Any CPU
		{5A243432-6EDC-4437-B44B-CB0C5532E5AE}.Release|Any CPU.ActiveCfg = Release|Any CPU
		{5A243432-6EDC-4437-B44B-CB0C5532E5AE}.Release|Any CPU.Build.0 = Release|Any CPU
		{9D39D071-FBF4-4FFB-A6FE-83ECCDFDC7B8}.Debug|Any CPU.ActiveCfg = Debug|Any CPU
		{9D39D071-FBF4-4FFB-A6FE-83ECCDFDC7B8}.Debug|Any CPU.Build.0 = Debug|Any CPU
		{9D39D071-FBF4-4FFB-A6FE-83ECCDFDC7B8}.Release|Any CPU.ActiveCfg = Release|Any CPU
		{9D39D071-FBF4-4FFB-A6FE-83ECCDFDC7B8}.Release|Any CPU.Build.0 = Release|Any CPU
		{54CD0552-DA99-40B5-881C-52561F0AC2F2}.Debug|Any CPU.ActiveCfg = Debug|Any CPU
		{54CD0552-DA99-40B5-881C-52561F0AC2F2}.Debug|Any CPU.Build.0 = Debug|Any CPU
		{54CD0552-DA99-40B5-881C-52561F0AC2F2}.Release|Any CPU.ActiveCfg = Release|Any CPU
		{54CD0552-DA99-40B5-881C-52561F0AC2F2}.Release|Any CPU.Build.0 = Release|Any CPU
		{67505EB6-C306-47B8-A5F9-5B3124FF51C5}.Debug|Any CPU.ActiveCfg = Debug|Any CPU
		{67505EB6-C306-47B8-A5F9-5B3124FF51C5}.Debug|Any CPU.Build.0 = Debug|Any CPU
		{67505EB6-C306-47B8-A5F9-5B3124FF51C5}.Release|Any CPU.ActiveCfg = Release|Any CPU
		{67505EB6-C306-47B8-A5F9-5B3124FF51C5}.Release|Any CPU.Build.0 = Release|Any CPU
		{13D442F8-845D-46EF-8A8A-55F4FF5EC999}.Debug|Any CPU.ActiveCfg = Debug|Any CPU
		{13D442F8-845D-46EF-8A8A-55F4FF5EC999}.Debug|Any CPU.Build.0 = Debug|Any CPU
		{13D442F8-845D-46EF-8A8A-55F4FF5EC999}.Release|Any CPU.ActiveCfg = Release|Any CPU
		{13D442F8-845D-46EF-8A8A-55F4FF5EC999}.Release|Any CPU.Build.0 = Release|Any CPU
		{EAC0CA34-CA5D-4CF0-9030-6D4453D2F424}.Debug|Any CPU.ActiveCfg = Debug|Any CPU
		{EAC0CA34-CA5D-4CF0-9030-6D4453D2F424}.Debug|Any CPU.Build.0 = Debug|Any CPU
		{EAC0CA34-CA5D-4CF0-9030-6D4453D2F424}.Release|Any CPU.ActiveCfg = Release|Any CPU
		{EAC0CA34-CA5D-4CF0-9030-6D4453D2F424}.Release|Any CPU.Build.0 = Release|Any CPU
		{07182FA2-10B7-4288-93E6-B623B39019AD}.Debug|Any CPU.ActiveCfg = Debug|Any CPU
		{07182FA2-10B7-4288-93E6-B623B39019AD}.Debug|Any CPU.Build.0 = Debug|Any CPU
		{07182FA2-10B7-4288-93E6-B623B39019AD}.Release|Any CPU.ActiveCfg = Release|Any CPU
		{07182FA2-10B7-4288-93E6-B623B39019AD}.Release|Any CPU.Build.0 = Release|Any CPU
		{156AF66D-04A8-498E-986A-9A21BB3045A1}.Debug|Any CPU.ActiveCfg = Debug|Any CPU
		{156AF66D-04A8-498E-986A-9A21BB3045A1}.Debug|Any CPU.Build.0 = Debug|Any CPU
		{156AF66D-04A8-498E-986A-9A21BB3045A1}.Release|Any CPU.ActiveCfg = Release|Any CPU
		{156AF66D-04A8-498E-986A-9A21BB3045A1}.Release|Any CPU.Build.0 = Release|Any CPU
		{7DDBFE13-5ACA-42ED-AE28-5EE26C624A09}.Debug|Any CPU.ActiveCfg = Debug|Any CPU
		{7DDBFE13-5ACA-42ED-AE28-5EE26C624A09}.Debug|Any CPU.Build.0 = Debug|Any CPU
		{7DDBFE13-5ACA-42ED-AE28-5EE26C624A09}.Release|Any CPU.ActiveCfg = Release|Any CPU
		{7DDBFE13-5ACA-42ED-AE28-5EE26C624A09}.Release|Any CPU.Build.0 = Release|Any CPU
		{FE58F0E4-81CD-43FB-81E6-ADF6697E0948}.Debug|Any CPU.ActiveCfg = Debug|Any CPU
		{FE58F0E4-81CD-43FB-81E6-ADF6697E0948}.Debug|Any CPU.Build.0 = Debug|Any CPU
		{FE58F0E4-81CD-43FB-81E6-ADF6697E0948}.Release|Any CPU.ActiveCfg = Release|Any CPU
		{FE58F0E4-81CD-43FB-81E6-ADF6697E0948}.Release|Any CPU.Build.0 = Release|Any CPU
		{2AFF3B3E-8CCD-4D86-8F0C-AA63F3599B07}.Debug|Any CPU.ActiveCfg = Debug|Any CPU
		{2AFF3B3E-8CCD-4D86-8F0C-AA63F3599B07}.Debug|Any CPU.Build.0 = Debug|Any CPU
		{2AFF3B3E-8CCD-4D86-8F0C-AA63F3599B07}.Release|Any CPU.ActiveCfg = Release|Any CPU
		{2AFF3B3E-8CCD-4D86-8F0C-AA63F3599B07}.Release|Any CPU.Build.0 = Release|Any CPU
		{21BB3A08-89AB-4D12-8B7D-1DB597B2CB89}.Debug|Any CPU.ActiveCfg = Debug|Any CPU
		{21BB3A08-89AB-4D12-8B7D-1DB597B2CB89}.Debug|Any CPU.Build.0 = Debug|Any CPU
		{21BB3A08-89AB-4D12-8B7D-1DB597B2CB89}.Release|Any CPU.ActiveCfg = Release|Any CPU
		{21BB3A08-89AB-4D12-8B7D-1DB597B2CB89}.Release|Any CPU.Build.0 = Release|Any CPU
	EndGlobalSection
	GlobalSection(SolutionProperties) = preSolution
		HideSolutionNode = FALSE
	EndGlobalSection
	GlobalSection(ExtensibilityGlobals) = postSolution
		SolutionGuid = {C7FD8DC7-9B8E-446B-87FB-D5FC80AFBA59}
	EndGlobalSection
EndGlobal
